
Microsoft Visual Studio Solution File, Format Version 12.00
# Visual Studio Version 17
VisualStudioVersion = 17.5.002.0
MinimumVisualStudioVersion = 10.0.40219.1
Project("{9A19103F-16F7-4668-BE54-9A1E7A4F7556}") = "Telegrambot", "Telegrambot.csproj", "{3EEF4824-F45B-4B0D-8EDA-15FE3316936D}"
EndProject
Global
	GlobalSection(SolutionConfigurationPlatforms) = preSolution
		Debug|Any CPU = Debug|Any CPU
		Release|Any CPU = Release|Any CPU
	EndGlobalSection
	GlobalSection(ProjectConfigurationPlatforms) = postSolution
		{3EEF4824-F45B-4B0D-8EDA-15FE3316936D}.Debug|Any CPU.ActiveCfg = Debug|Any CPU
		{3EEF4824-F45B-4B0D-8EDA-15FE3316936D}.Debug|Any CPU.Build.0 = Debug|Any CPU
		{3EEF4824-F45B-4B0D-8EDA-15FE3316936D}.Release|Any CPU.ActiveCfg = Release|Any CPU
		{3EEF4824-F45B-4B0D-8EDA-15FE3316936D}.Release|Any CPU.Build.0 = Release|Any CPU
	EndGlobalSection
	GlobalSection(SolutionProperties) = preSolution
		HideSolutionNode = FALSE
	EndGlobalSection
	GlobalSection(ExtensibilityGlobals) = postSolution
		SolutionGuid = {6AD6FB4E-D242-487D-9FD8-CBED955FDE3B}
	EndGlobalSection
EndGlobal
